
Microsoft Visual Studio Solution File, Format Version 11.00
# Visual Studio 2010
Project("{FAE04EC0-301F-11D3-BF4B-00C04F79EFBC}") = "backup 0.1", "backup 0.1\backup 0.1.csproj", "{111B0DA4-A1DE-4B75-A5C7-C6A99AA9098E}"
EndProject
Global
	GlobalSection(SolutionConfigurationPlatforms) = preSolution
		Debug|x86 = Debug|x86
		Release|x86 = Release|x86
	EndGlobalSection
	GlobalSection(ProjectConfigurationPlatforms) = postSolution
		{111B0DA4-A1DE-4B75-A5C7-C6A99AA9098E}.Debug|x86.ActiveCfg = Debug|x86
		{111B0DA4-A1DE-4B75-A5C7-C6A99AA9098E}.Debug|x86.Build.0 = Debug|x86
		{111B0DA4-A1DE-4B75-A5C7-C6A99AA9098E}.Release|x86.ActiveCfg = Release|x86
		{111B0DA4-A1DE-4B75-A5C7-C6A99AA9098E}.Release|x86.Build.0 = Release|x86
	EndGlobalSection
	GlobalSection(SolutionProperties) = preSolution
		HideSolutionNode = FALSE
	EndGlobalSection
EndGlobal
